
Microsoft Visual Studio Solution File, Format Version 12.00
Project("{FAE04EC0-301F-11D3-BF4B-00C04F79EFBC}") = "ActiveBox", "ActiveBox\ActiveBox.csproj", "{006A5D57-4E07-4285-8B32-676A8922CF69}"
EndProject
Global
	GlobalSection(SolutionConfigurationPlatforms) = preSolution
		Debug|Any CPU = Debug|Any CPU
		Release|Any CPU = Release|Any CPU
	EndGlobalSection
	GlobalSection(ProjectConfigurationPlatforms) = postSolution
		{006A5D57-4E07-4285-8B32-676A8922CF69}.Debug|Any CPU.ActiveCfg = Debug|Any CPU
		{006A5D57-4E07-4285-8B32-676A8922CF69}.Debug|Any CPU.Build.0 = Debug|Any CPU
		{006A5D57-4E07-4285-8B32-676A8922CF69}.Release|Any CPU.ActiveCfg = Release|Any CPU
		{006A5D57-4E07-4285-8B32-676A8922CF69}.Release|Any CPU.Build.0 = Release|Any CPU
	EndGlobalSection
EndGlobal
